// !$*UTF8*$!
{
	archiveVersion = 1;
	classes = {
	};
	objectVersion = 55;
	objects = {

/* Begin PBXBuildFile section */
		2151A31E288A343100E26E1F /* AppDelegate.swift in Sources */ = {isa = PBXBuildFile; fileRef = 2151A31D288A343100E26E1F /* AppDelegate.swift */; };
		2151A320288A343100E26E1F /* SceneDelegate.swift in Sources */ = {isa = PBXBuildFile; fileRef = 2151A31F288A343100E26E1F /* SceneDelegate.swift */; };
		2151A322288A343100E26E1F /* ViewController.swift in Sources */ = {isa = PBXBuildFile; fileRef = 2151A321288A343100E26E1F /* ViewController.swift */; };
		2151A325288A343100E26E1F /* Main.storyboard in Resources */ = {isa = PBXBuildFile; fileRef = 2151A323288A343100E26E1F /* Main.storyboard */; };
		2151A327288A343300E26E1F /* Assets.xcassets in Resources */ = {isa = PBXBuildFile; fileRef = 2151A326288A343300E26E1F /* Assets.xcassets */; };
		2151A32A288A343300E26E1F /* LaunchScreen.storyboard in Resources */ = {isa = PBXBuildFile; fileRef = 2151A328288A343300E26E1F /* LaunchScreen.storyboard */; };
		2151A335288A343300E26E1F /* IosProject02Tests.swift in Sources */ = {isa = PBXBuildFile; fileRef = 2151A334288A343300E26E1F /* IosProject02Tests.swift */; };
		2151A33F288A343300E26E1F /* IosProject02UITests.swift in Sources */ = {isa = PBXBuildFile; fileRef = 2151A33E288A343300E26E1F /* IosProject02UITests.swift */; };
		2151A341288A343300E26E1F /* IosProject02UITestsLaunchTests.swift in Sources */ = {isa = PBXBuildFile; fileRef = 2151A340288A343300E26E1F /* IosProject02UITestsLaunchTests.swift */; };
		2151A350288AC8D600E26E1F /* botaogerar.png in Resources */ = {isa = PBXBuildFile; fileRef = 2151A34D288AC8D600E26E1F /* botaogerar.png */; };
		2151A351288AC8D600E26E1F /* botaogerar-pressionado.png in Resources */ = {isa = PBXBuildFile; fileRef = 2151A34E288AC8D600E26E1F /* botaogerar-pressionado.png */; };
		2151A352288AC8D600E26E1F /* logo.png in Resources */ = {isa = PBXBuildFile; fileRef = 2151A34F288AC8D600E26E1F /* logo.png */; };
/* End PBXBuildFile section */

/* Begin PBXContainerItemProxy section */
		2151A331288A343300E26E1F /* PBXContainerItemProxy */ = {
			isa = PBXContainerItemProxy;
			containerPortal = 2151A312288A343000E26E1F /* Project object */;
			proxyType = 1;
			remoteGlobalIDString = 2151A319288A343100E26E1F;
			remoteInfo = IosProject02;
		};
		2151A33B288A343300E26E1F /* PBXContainerItemProxy */ = {
			isa = PBXContainerItemProxy;
			containerPortal = 2151A312288A343000E26E1F /* Project object */;
			proxyType = 1;
			remoteGlobalIDString = 2151A319288A343100E26E1F;
			remoteInfo = IosProject02;
		};
/* End PBXContainerItemProxy section */

/* Begin PBXFileReference section */
		2151A31A288A343100E26E1F /* IosProject02.app */ = {isa = PBXFileReference; explicitFileType = wrapper.application; includeInIndex = 0; path = IosProject02.app; sourceTree = BUILT_PRODUCTS_DIR; };
		2151A31D288A343100E26E1F /* AppDelegate.swift */ = {isa = PBXFileReference; lastKnownFileType = sourcecode.swift; path = AppDelegate.swift; sourceTree = "<group>"; };
		2151A31F288A343100E26E1F /* SceneDelegate.swift */ = {isa = PBXFileReference; lastKnownFileType = sourcecode.swift; path = SceneDelegate.swift; sourceTree = "<group>"; };
		2151A321288A343100E26E1F /* ViewController.swift */ = {isa = PBXFileReference; lastKnownFileType = sourcecode.swift; path = ViewController.swift; sourceTree = "<group>"; };
		2151A324288A343100E26E1F /* Base */ = {isa = PBXFileReference; lastKnownFileType = file.storyboard; name = Base; path = Base.lproj/Main.storyboard; sourceTree = "<group>"; };
		2151A326288A343300E26E1F /* Assets.xcassets */ = {isa = PBXFileReference; lastKnownFileType = folder.assetcatalog; path = Assets.xcassets; sourceTree = "<group>"; };
		2151A329288A343300E26E1F /* Base */ = {isa = PBXFileReference; lastKnownFileType = file.storyboard; name = Base; path = Base.lproj/LaunchScreen.storyboard; sourceTree = "<group>"; };
		2151A32B288A343300E26E1F /* Info.plist */ = {isa = PBXFileReference; lastKnownFileType = text.plist.xml; path = Info.plist; sourceTree = "<group>"; };
		2151A330288A343300E26E1F /* IosProject02Tests.xctest */ = {isa = PBXFileReference; explicitFileType = wrapper.cfbundle; includeInIndex = 0; path = IosProject02Tests.xctest; sourceTree = BUILT_PRODUCTS_DIR; };
		2151A334288A343300E26E1F /* IosProject02Tests.swift */ = {isa = PBXFileReference; lastKnownFileType = sourcecode.swift; path = IosProject02Tests.swift; sourceTree = "<group>"; };
		2151A33A288A343300E26E1F /* IosProject02UITests.xctest */ = {isa = PBXFileReference; explicitFileType = wrapper.cfbundle; includeInIndex = 0; path = IosProject02UITests.xctest; sourceTree = BUILT_PRODUCTS_DIR; };
		2151A33E288A343300E26E1F /* IosProject02UITests.swift */ = {isa = PBXFileReference; lastKnownFileType = sourcecode.swift; path = IosProject02UITests.swift; sourceTree = "<group>"; };
		2151A340288A343300E26E1F /* IosProject02UITestsLaunchTests.swift */ = {isa = PBXFileReference; lastKnownFileType = sourcecode.swift; path = IosProject02UITestsLaunchTests.swift; sourceTree = "<group>"; };
		2151A34D288AC8D600E26E1F /* botaogerar.png */ = {isa = PBXFileReference; lastKnownFileType = image.png; path = botaogerar.png; sourceTree = "<group>"; };
		2151A34E288AC8D600E26E1F /* botaogerar-pressionado.png */ = {isa = PBXFileReference; lastKnownFileType = image.png; path = "botaogerar-pressionado.png"; sourceTree = "<group>"; };
		2151A34F288AC8D600E26E1F /* logo.png */ = {isa = PBXFileReference; lastKnownFileType = image.png; path = logo.png; sourceTree = "<group>"; };
/* End PBXFileReference section */

/* Begin PBXFrameworksBuildPhase section */
		2151A317288A343100E26E1F /* Frameworks */ = {
			isa = PBXFrameworksBuildPhase;
			buildActionMask = 2147483647;
			files = (
			);
			runOnlyForDeploymentPostprocessing = 0;
		};
		2151A32D288A343300E26E1F /* Frameworks */ = {
			isa = PBXFrameworksBuildPhase;
			buildActionMask = 2147483647;
			files = (
			);
			runOnlyForDeploymentPostprocessing = 0;
		};
		2151A337288A343300E26E1F /* Frameworks */ = {
			isa = PBXFrameworksBuildPhase;
			buildActionMask = 2147483647;
			files = (
			);
			runOnlyForDeploymentPostprocessing = 0;
		};
/* End PBXFrameworksBuildPhase section */

/* Begin PBXGroup section */
		2151A311288A343000E26E1F = {
			isa = PBXGroup;
			children = (
				2151A31C288A343100E26E1F /* IosProject02 */,
				2151A333288A343300E26E1F /* IosProject02Tests */,
				2151A33D288A343300E26E1F /* IosProject02UITests */,
				2151A31B288A343100E26E1F /* Products */,
			);
			sourceTree = "<group>";
		};
		2151A31B288A343100E26E1F /* Products */ = {
			isa = PBXGroup;
			children = (
				2151A31A288A343100E26E1F /* IosProject02.app */,
				2151A330288A343300E26E1F /* IosProject02Tests.xctest */,
				2151A33A288A343300E26E1F /* IosProject02UITests.xctest */,
			);
			name = Products;
			sourceTree = "<group>";
		};
		2151A31C288A343100E26E1F /* IosProject02 */ = {
			isa = PBXGroup;
			children = (
				2151A34E288AC8D600E26E1F /* botaogerar-pressionado.png */,
				2151A34D288AC8D600E26E1F /* botaogerar.png */,
				2151A34F288AC8D600E26E1F /* logo.png */,
				2151A31D288A343100E26E1F /* AppDelegate.swift */,
				2151A31F288A343100E26E1F /* SceneDelegate.swift */,
				2151A321288A343100E26E1F /* ViewController.swift */,
				2151A323288A343100E26E1F /* Main.storyboard */,
				2151A326288A343300E26E1F /* Assets.xcassets */,
				2151A328288A343300E26E1F /* LaunchScreen.storyboard */,
				2151A32B288A343300E26E1F /* Info.plist */,
			);
			path = IosProject02;
			sourceTree = "<group>";
		};
		2151A333288A343300E26E1F /* IosProject02Tests */ = {
			isa = PBXGroup;
			children = (
				2151A334288A343300E26E1F /* IosProject02Tests.swift */,
			);
			path = IosProject02Tests;
			sourceTree = "<group>";
		};
		2151A33D288A343300E26E1F /* IosProject02UITests */ = {
			isa = PBXGroup;
			children = (
				2151A33E288A343300E26E1F /* IosProject02UITests.swift */,
				2151A340288A343300E26E1F /* IosProject02UITestsLaunchTests.swift */,
			);
			path = IosProject02UITests;
			sourceTree = "<group>";
		};
/* End PBXGroup section */

/* Begin PBXNativeTarget section */
		2151A319288A343100E26E1F /* IosProject02 */ = {
			isa = PBXNativeTarget;
			buildConfigurationList = 2151A344288A343300E26E1F /* Build configuration list for PBXNativeTarget "IosProject02" */;
			buildPhases = (
				2151A316288A343100E26E1F /* Sources */,
				2151A317288A343100E26E1F /* Frameworks */,
				2151A318288A343100E26E1F /* Resources */,
			);
			buildRules = (
			);
			dependencies = (
			);
			name = IosProject02;
			productName = IosProject02;
			productReference = 2151A31A288A343100E26E1F /* IosProject02.app */;
			productType = "com.apple.product-type.application";
		};
		2151A32F288A343300E26E1F /* IosProject02Tests */ = {
			isa = PBXNativeTarget;
			buildConfigurationList = 2151A347288A343300E26E1F /* Build configuration list for PBXNativeTarget "IosProject02Tests" */;
			buildPhases = (
				2151A32C288A343300E26E1F /* Sources */,
				2151A32D288A343300E26E1F /* Frameworks */,
				2151A32E288A343300E26E1F /* Resources */,
			);
			buildRules = (
			);
			dependencies = (
				2151A332288A343300E26E1F /* PBXTargetDependency */,
			);
			name = IosProject02Tests;
			productName = IosProject02Tests;
			productReference = 2151A330288A343300E26E1F /* IosProject02Tests.xctest */;
			productType = "com.apple.product-type.bundle.unit-test";
		};
		2151A339288A343300E26E1F /* IosProject02UITests */ = {
			isa = PBXNativeTarget;
			buildConfigurationList = 2151A34A288A343300E26E1F /* Build configuration list for PBXNativeTarget "IosProject02UITests" */;
			buildPhases = (
				2151A336288A343300E26E1F /* Sources */,
				2151A337288A343300E26E1F /* Frameworks */,
				2151A338288A343300E26E1F /* Resources */,
			);
			buildRules = (
			);
			dependencies = (
				2151A33C288A343300E26E1F /* PBXTargetDependency */,
			);
			name = IosProject02UITests;
			productName = IosProject02UITests;
			productReference = 2151A33A288A343300E26E1F /* IosProject02UITests.xctest */;
			productType = "com.apple.product-type.bundle.ui-testing";
		};
/* End PBXNativeTarget section */

/* Begin PBXProject section */
		2151A312288A343000E26E1F /* Project object */ = {
			isa = PBXProject;
			attributes = {
				BuildIndependentTargetsInParallel = 1;
				LastSwiftUpdateCheck = 1340;
				LastUpgradeCheck = 1340;
				TargetAttributes = {
					2151A319288A343100E26E1F = {
						CreatedOnToolsVersion = 13.4.1;
					};
					2151A32F288A343300E26E1F = {
						CreatedOnToolsVersion = 13.4.1;
						TestTargetID = 2151A319288A343100E26E1F;
					};
					2151A339288A343300E26E1F = {
						CreatedOnToolsVersion = 13.4.1;
						TestTargetID = 2151A319288A343100E26E1F;
					};
				};
			};
			buildConfigurationList = 2151A315288A343000E26E1F /* Build configuration list for PBXProject "IosProject02" */;
			compatibilityVersion = "Xcode 13.0";
			developmentRegion = en;
			hasScannedForEncodings = 0;
			knownRegions = (
				en,
				Base,
			);
			mainGroup = 2151A311288A343000E26E1F;
			productRefGroup = 2151A31B288A343100E26E1F /* Products */;
			projectDirPath = "";
			projectRoot = "";
			targets = (
				2151A319288A343100E26E1F /* IosProject02 */,
				2151A32F288A343300E26E1F /* IosProject02Tests */,
				2151A339288A343300E26E1F /* IosProject02UITests */,
			);
		};
/* End PBXProject section */

/* Begin PBXResourcesBuildPhase section */
		2151A318288A343100E26E1F /* Resources */ = {
			isa = PBXResourcesBuildPhase;
			buildActionMask = 2147483647;
			files = (
				2151A32A288A343300E26E1F /* LaunchScreen.storyboard in Resources */,
				2151A327288A343300E26E1F /* Assets.xcassets in Resources */,
				2151A352288AC8D600E26E1F /* logo.png in Resources */,
				2151A325288A343100E26E1F /* Main.storyboard in Resources */,
				2151A350288AC8D600E26E1F /* botaogerar.png in Resources */,
				2151A351288AC8D600E26E1F /* botaogerar-pressionado.png in Resources */,
			);
			runOnlyForDeploymentPostprocessing = 0;
		};
		2151A32E288A343300E26E1F /* Resources */ = {
			isa = PBXResourcesBuildPhase;
			buildActionMask = 2147483647;
			files = (
			);
			runOnlyForDeploymentPostprocessing = 0;
		};
		2151A338288A343300E26E1F /* Resources */ = {
			isa = PBXResourcesBuildPhase;
			buildActionMask = 2147483647;
			files = (
			);
			runOnlyForDeploymentPostprocessing = 0;
		};
/* End PBXResourcesBuildPhase section */

/* Begin PBXSourcesBuildPhase section */
		2151A316288A343100E26E1F /* Sources */ = {
			isa = PBXSourcesBuildPhase;
			buildActionMask = 2147483647;
			files = (
				2151A322288A343100E26E1F /* ViewController.swift in Sources */,
				2151A31E288A343100E26E1F /* AppDelegate.swift in Sources */,
				2151A320288A343100E26E1F /* SceneDelegate.swift in Sources */,
			);
			runOnlyForDeploymentPostprocessing = 0;
		};
		2151A32C288A343300E26E1F /* Sources */ = {
			isa = PBXSourcesBuildPhase;
			buildActionMask = 2147483647;
			files = (
				2151A335288A343300E26E1F /* IosProject02Tests.swift in Sources */,
			);
			runOnlyForDeploymentPostprocessing = 0;
		};
		2151A336288A343300E26E1F /* Sources */ = {
			isa = PBXSourcesBuildPhase;
			buildActionMask = 2147483647;
			files = (
				2151A341288A343300E26E1F /* IosProject02UITestsLaunchTests.swift in Sources */,
				2151A33F288A343300E26E1F /* IosProject02UITests.swift in Sources */,
			);
			runOnlyForDeploymentPostprocessing = 0;
		};
/* End PBXSourcesBuildPhase section */

/* Begin PBXTargetDependency section */
		2151A332288A343300E26E1F /* PBXTargetDependency */ = {
			isa = PBXTargetDependency;
			target = 2151A319288A343100E26E1F /* IosProject02 */;
			targetProxy = 2151A331288A343300E26E1F /* PBXContainerItemProxy */;
		};
		2151A33C288A343300E26E1F /* PBXTargetDependency */ = {
			isa = PBXTargetDependency;
			target = 2151A319288A343100E26E1F /* IosProject02 */;
			targetProxy = 2151A33B288A343300E26E1F /* PBXContainerItemProxy */;
		};
/* End PBXTargetDependency section */

/* Begin PBXVariantGroup section */
		2151A323288A343100E26E1F /* Main.storyboard */ = {
			isa = PBXVariantGroup;
			children = (
				2151A324288A343100E26E1F /* Base */,
			);
			name = Main.storyboard;
			sourceTree = "<group>";
		};
		2151A328288A343300E26E1F /* LaunchScreen.storyboard */ = {
			isa = PBXVariantGroup;
			children = (
				2151A329288A343300E26E1F /* Base */,
			);
			name = LaunchScreen.storyboard;
			sourceTree = "<group>";
		};
/* End PBXVariantGroup section */

/* Begin XCBuildConfiguration section */
		2151A342288A343300E26E1F /* Debug */ = {
			isa = XCBuildConfiguration;
			buildSettings = {
				ALWAYS_SEARCH_USER_PATHS = NO;
				CLANG_ANALYZER_NONNULL = YES;
				CLANG_ANALYZER_NUMBER_OBJECT_CONVERSION = YES_AGGRESSIVE;
				CLANG_CXX_LANGUAGE_STANDARD = "gnu++17";
				CLANG_ENABLE_MODULES = YES;
				CLANG_ENABLE_OBJC_ARC = YES;
				CLANG_ENABLE_OBJC_WEAK = YES;
				CLANG_WARN_BLOCK_CAPTURE_AUTORELEASING = YES;
				CLANG_WARN_BOOL_CONVERSION = YES;
				CLANG_WARN_COMMA = YES;
				CLANG_WARN_CONSTANT_CONVERSION = YES;
				CLANG_WARN_DEPRECATED_OBJC_IMPLEMENTATIONS = YES;
				CLANG_WARN_DIRECT_OBJC_ISA_USAGE = YES_ERROR;
				CLANG_WARN_DOCUMENTATION_COMMENTS = YES;
				CLANG_WARN_EMPTY_BODY = YES;
				CLANG_WARN_ENUM_CONVERSION = YES;
				CLANG_WARN_INFINITE_RECURSION = YES;
				CLANG_WARN_INT_CONVERSION = YES;
				CLANG_WARN_NON_LITERAL_NULL_CONVERSION = YES;
				CLANG_WARN_OBJC_IMPLICIT_RETAIN_SELF = YES;
				CLANG_WARN_OBJC_LITERAL_CONVERSION = YES;
				CLANG_WARN_OBJC_ROOT_CLASS = YES_ERROR;
				CLANG_WARN_QUOTED_INCLUDE_IN_FRAMEWORK_HEADER = YES;
				CLANG_WARN_RANGE_LOOP_ANALYSIS = YES;
				CLANG_WARN_STRICT_PROTOTYPES = YES;
				CLANG_WARN_SUSPICIOUS_MOVE = YES;
				CLANG_WARN_UNGUARDED_AVAILABILITY = YES_AGGRESSIVE;
				CLANG_WARN_UNREACHABLE_CODE = YES;
				CLANG_WARN__DUPLICATE_METHOD_MATCH = YES;
				COPY_PHASE_STRIP = NO;
				DEBUG_INFORMATION_FORMAT = dwarf;
				ENABLE_STRICT_OBJC_MSGSEND = YES;
				ENABLE_TESTABILITY = YES;
				GCC_C_LANGUAGE_STANDARD = gnu11;
				GCC_DYNAMIC_NO_PIC = NO;
				GCC_NO_COMMON_BLOCKS = YES;
				GCC_OPTIMIZATION_LEVEL = 0;
				GCC_PREPROCESSOR_DEFINITIONS = (
					"DEBUG=1",
					"$(inherited)",
				);
				GCC_WARN_64_TO_32_BIT_CONVERSION = YES;
				GCC_WARN_ABOUT_RETURN_TYPE = YES_ERROR;
				GCC_WARN_UNDECLARED_SELECTOR = YES;
				GCC_WARN_UNINITIALIZED_AUTOS = YES_AGGRESSIVE;
				GCC_WARN_UNUSED_FUNCTION = YES;
				GCC_WARN_UNUSED_VARIABLE = YES;
				IPHONEOS_DEPLOYMENT_TARGET = 15.5;
				MTL_ENABLE_DEBUG_INFO = INCLUDE_SOURCE;
				MTL_FAST_MATH = YES;
				ONLY_ACTIVE_ARCH = YES;
				SDKROOT = iphoneos;
				SWIFT_ACTIVE_COMPILATION_CONDITIONS = DEBUG;
				SWIFT_OPTIMIZATION_LEVEL = "-Onone";
			};
			name = Debug;
		};
		2151A343288A343300E26E1F /* Release */ = {
			isa = XCBuildConfiguration;
			buildSettings = {
				ALWAYS_SEARCH_USER_PATHS = NO;
				CLANG_ANALYZER_NONNULL = YES;
				CLANG_ANALYZER_NUMBER_OBJECT_CONVERSION = YES_AGGRESSIVE;
				CLANG_CXX_LANGUAGE_STANDARD = "gnu++17";
				CLANG_ENABLE_MODULES = YES;
				CLANG_ENABLE_OBJC_ARC = YES;
				CLANG_ENABLE_OBJC_WEAK = YES;
				CLANG_WARN_BLOCK_CAPTURE_AUTORELEASING = YES;
				CLANG_WARN_BOOL_CONVERSION = YES;
				CLANG_WARN_COMMA = YES;
				CLANG_WARN_CONSTANT_CONVERSION = YES;
				CLANG_WARN_DEPRECATED_OBJC_IMPLEMENTATIONS = YES;
				CLANG_WARN_DIRECT_OBJC_ISA_USAGE = YES_ERROR;
				CLANG_WARN_DOCUMENTATION_COMMENTS = YES;
				CLANG_WARN_EMPTY_BODY = YES;
				CLANG_WARN_ENUM_CONVERSION = YES;
				CLANG_WARN_INFINITE_RECURSION = YES;
				CLANG_WARN_INT_CONVERSION = YES;
				CLANG_WARN_NON_LITERAL_NULL_CONVERSION = YES;
				CLANG_WARN_OBJC_IMPLICIT_RETAIN_SELF = YES;
				CLANG_WARN_OBJC_LITERAL_CONVERSION = YES;
				CLANG_WARN_OBJC_ROOT_CLASS = YES_ERROR;
				CLANG_WARN_QUOTED_INCLUDE_IN_FRAMEWORK_HEADER = YES;
				CLANG_WARN_RANGE_LOOP_ANALYSIS = YES;
				CLANG_WARN_STRICT_PROTOTYPES = YES;
				CLANG_WARN_SUSPICIOUS_MOVE = YES;
				CLANG_WARN_UNGUARDED_AVAILABILITY = YES_AGGRESSIVE;
				CLANG_WARN_UNREACHABLE_CODE = YES;
				CLANG_WARN__DUPLICATE_METHOD_MATCH = YES;
				COPY_PHASE_STRIP = NO;
				DEBUG_INFORMATION_FORMAT = "dwarf-with-dsym";
				ENABLE_NS_ASSERTIONS = NO;
				ENABLE_STRICT_OBJC_MSGSEND = YES;
				GCC_C_LANGUAGE_STANDARD = gnu11;
				GCC_NO_COMMON_BLOCKS = YES;
				GCC_WARN_64_TO_32_BIT_CONVERSION = YES;
				GCC_WARN_ABOUT_RETURN_TYPE = YES_ERROR;
				GCC_WARN_UNDECLARED_SELECTOR = YES;
				GCC_WARN_UNINITIALIZED_AUTOS = YES_AGGRESSIVE;
				GCC_WARN_UNUSED_FUNCTION = YES;
				GCC_WARN_UNUSED_VARIABLE = YES;
				IPHONEOS_DEPLOYMENT_TARGET = 15.5;
				MTL_ENABLE_DEBUG_INFO = NO;
				MTL_FAST_MATH = YES;
				SDKROOT = iphoneos;
				SWIFT_COMPILATION_MODE = wholemodule;
				SWIFT_OPTIMIZATION_LEVEL = "-O";
				VALIDATE_PRODUCT = YES;
			};
			name = Release;
		};
		2151A345288A343300E26E1F /* Debug */ = {
			isa = XCBuildConfiguration;
			buildSettings = {
				ASSETCATALOG_COMPILER_APPICON_NAME = AppIcon;
				ASSETCATALOG_COMPILER_GLOBAL_ACCENT_COLOR_NAME = AccentColor;
				CODE_SIGN_STYLE = Automatic;
				CURRENT_PROJECT_VERSION = 1;
				DEVELOPMENT_TEAM = WSZ4B83TUM;
				GENERATE_INFOPLIST_FILE = YES;
				INFOPLIST_FILE = IosProject02/Info.plist;
				INFOPLIST_KEY_UIApplicationSupportsIndirectInputEvents = YES;
				INFOPLIST_KEY_UILaunchStoryboardName = LaunchScreen;
				INFOPLIST_KEY_UIMainStoryboardFile = Main;
				INFOPLIST_KEY_UISupportedInterfaceOrientations_iPad = "UIInterfaceOrientationPortrait UIInterfaceOrientationPortraitUpsideDown UIInterfaceOrientationLandscapeLeft UIInterfaceOrientationLandscapeRight";
				INFOPLIST_KEY_UISupportedInterfaceOrientations_iPhone = "UIInterfaceOrientationPortrait UIInterfaceOrientationLandscapeLeft UIInterfaceOrientationLandscapeRight";
				LD_RUNPATH_SEARCH_PATHS = (
					"$(inherited)",
					"@executable_path/Frameworks",
				);
				MARKETING_VERSION = 1.0;
				PRODUCT_BUNDLE_IDENTIFIER = carlosphbahia.IosProject02;
				PRODUCT_NAME = "$(TARGET_NAME)";
				SWIFT_EMIT_LOC_STRINGS = YES;
				SWIFT_VERSION = 5.0;
				TARGETED_DEVICE_FAMILY = "1,2";
			};
			name = Debug;
		};
		2151A346288A343300E26E1F /* Release */ = {
			isa = XCBuildConfiguration;
			buildSettings = {
				ASSETCATALOG_COMPILER_APPICON_NAME = AppIcon;
				ASSETCATALOG_COMPILER_GLOBAL_ACCENT_COLOR_NAME = AccentColor;
				CODE_SIGN_STYLE = Automatic;
				CURRENT_PROJECT_VERSION = 1;
				DEVELOPMENT_TEAM = WSZ4B83TUM;
				GENERATE_INFOPLIST_FILE = YES;
				INFOPLIST_FILE = IosProject02/Info.plist;
				INFOPLIST_KEY_UIApplicationSupportsIndirectInputEvents = YES;
				INFOPLIST_KEY_UILaunchStoryboardName = LaunchScreen;
				INFOPLIST_KEY_UIMainStoryboardFile = Main;
				INFOPLIST_KEY_UISupportedInterfaceOrientations_iPad = "UIInterfaceOrientationPortrait UIInterfaceOrientationPortraitUpsideDown UIInterfaceOrientationLandscapeLeft UIInterfaceOrientationLandscapeRight";
				INFOPLIST_KEY_UISupportedInterfaceOrientations_iPhone = "UIInterfaceOrientationPortrait UIInterfaceOrientationLandscapeLeft UIInterfaceOrientationLandscapeRight";
				LD_RUNPATH_SEARCH_PATHS = (
					"$(inherited)",
					"@executable_path/Frameworks",
				);
				MARKETING_VERSION = 1.0;
				PRODUCT_BUNDLE_IDENTIFIER = carlosphbahia.IosProject02;
				PRODUCT_NAME = "$(TARGET_NAME)";
				SWIFT_EMIT_LOC_STRINGS = YES;
				SWIFT_VERSION = 5.0;
				TARGETED_DEVICE_FAMILY = "1,2";
			};
			name = Release;
		};
		2151A348288A343300E26E1F /* Debug */ = {
			isa = XCBuildConfiguration;
			buildSettings = {
				ALWAYS_EMBED_SWIFT_STANDARD_LIBRARIES = YES;
				BUNDLE_LOADER = "$(TEST_HOST)";
				CODE_SIGN_STYLE = Automatic;
				CURRENT_PROJECT_VERSION = 1;
				DEVELOPMENT_TEAM = WSZ4B83TUM;
				GENERATE_INFOPLIST_FILE = YES;
				IPHONEOS_DEPLOYMENT_TARGET = 15.5;
				MARKETING_VERSION = 1.0;
				PRODUCT_BUNDLE_IDENTIFIER = carlosphbahia.IosProject02Tests;
				PRODUCT_NAME = "$(TARGET_NAME)";
				SWIFT_EMIT_LOC_STRINGS = NO;
				SWIFT_VERSION = 5.0;
				TARGETED_DEVICE_FAMILY = "1,2";
				TEST_HOST = "$(BUILT_PRODUCTS_DIR)/IosProject02.app/IosProject02";
			};
			name = Debug;
		};
		2151A349288A343300E26E1F /* Release */ = {
			isa = XCBuildConfiguration;
			buildSettings = {
				ALWAYS_EMBED_SWIFT_STANDARD_LIBRARIES = YES;
				BUNDLE_LOADER = "$(TEST_HOST)";
				CODE_SIGN_STYLE = Automatic;
				CURRENT_PROJECT_VERSION = 1;
				DEVELOPMENT_TEAM = WSZ4B83TUM;
				GENERATE_INFOPLIST_FILE = YES;
				IPHONEOS_DEPLOYMENT_TARGET = 15.5;
				MARKETING_VERSION = 1.0;
				PRODUCT_BUNDLE_IDENTIFIER = carlosphbahia.IosProject02Tests;
				PRODUCT_NAME = "$(TARGET_NAME)";
				SWIFT_EMIT_LOC_STRINGS = NO;
				SWIFT_VERSION = 5.0;
				TARGETED_DEVICE_FAMILY = "1,2";
				TEST_HOST = "$(BUILT_PRODUCTS_DIR)/IosProject02.app/IosProject02";
			};
			name = Release;
		};
		2151A34B288A343300E26E1F /* Debug */ = {
			isa = XCBuildConfiguration;
			buildSettings = {
				ALWAYS_EMBED_SWIFT_STANDARD_LIBRARIES = YES;
				CODE_SIGN_STYLE = Automatic;
				CURRENT_PROJECT_VERSION = 1;
				DEVELOPMENT_TEAM = WSZ4B83TUM;
				GENERATE_INFOPLIST_FILE = YES;
				MARKETING_VERSION = 1.0;
				PRODUCT_BUNDLE_IDENTIFIER = carlosphbahia.IosProject02UITests;
				PRODUCT_NAME = "$(TARGET_NAME)";
				SWIFT_EMIT_LOC_STRINGS = NO;
				SWIFT_VERSION = 5.0;
				TARGETED_DEVICE_FAMILY = "1,2";
				TEST_TARGET_NAME = IosProject02;
			};
			name = Debug;
		};
		2151A34C288A343300E26E1F /* Release */ = {
			isa = XCBuildConfiguration;
			buildSettings = {
				ALWAYS_EMBED_SWIFT_STANDARD_LIBRARIES = YES;
				CODE_SIGN_STYLE = Automatic;
				CURRENT_PROJECT_VERSION = 1;
				DEVELOPMENT_TEAM = WSZ4B83TUM;
				GENERATE_INFOPLIST_FILE = YES;
				MARKETING_VERSION = 1.0;
				PRODUCT_BUNDLE_IDENTIFIER = carlosphbahia.IosProject02UITests;
				PRODUCT_NAME = "$(TARGET_NAME)";
				SWIFT_EMIT_LOC_STRINGS = NO;
				SWIFT_VERSION = 5.0;
				TARGETED_DEVICE_FAMILY = "1,2";
				TEST_TARGET_NAME = IosProject02;
			};
			name = Release;
		};
/* End XCBuildConfiguration section */

/* Begin XCConfigurationList section */
		2151A315288A343000E26E1F /* Build configuration list for PBXProject "IosProject02" */ = {
			isa = XCConfigurationList;
			buildConfigurations = (
				2151A342288A343300E26E1F /* Debug */,
				2151A343288A343300E26E1F /* Release */,
			);
			defaultConfigurationIsVisible = 0;
			defaultConfigurationName = Release;
		};
		2151A344288A343300E26E1F /* Build configuration list for PBXNativeTarget "IosProject02" */ = {
			isa = XCConfigurationList;
			buildConfigurations = (
				2151A345288A343300E26E1F /* Debug */,
				2151A346288A343300E26E1F /* Release */,
			);
			defaultConfigurationIsVisible = 0;
			defaultConfigurationName = Release;
		};
		2151A347288A343300E26E1F /* Build configuration list for PBXNativeTarget "IosProject02Tests" */ = {
			isa = XCConfigurationList;
			buildConfigurations = (
				2151A348288A343300E26E1F /* Debug */,
				2151A349288A343300E26E1F /* Release */,
			);
			defaultConfigurationIsVisible = 0;
			defaultConfigurationName = Release;
		};
		2151A34A288A343300E26E1F /* Build configuration list for PBXNativeTarget "IosProject02UITests" */ = {
			isa = XCConfigurationList;
			buildConfigurations = (
				2151A34B288A343300E26E1F /* Debug */,
				2151A34C288A343300E26E1F /* Release */,
			);
			defaultConfigurationIsVisible = 0;
			defaultConfigurationName = Release;
		};
/* End XCConfigurationList section */
	};
	rootObject = 2151A312288A343000E26E1F /* Project object */;
}
